
Microsoft Visual Studio Solution File, Format Version 12.00
# Visual Studio Version 17
VisualStudioVersion = 17.8.34316.72
MinimumVisualStudioVersion = 10.0.40219.1
Project("{FAE04EC0-301F-11D3-BF4B-00C04F79EFBC}") = "ImpostosDeContribuintes", "ImpostosDeContribuintes\ImpostosDeContribuintes.csproj", "{62AFBBC6-3656-4AEC-9553-A2B1C2FCA30C}"
EndProject
Global
	GlobalSection(SolutionConfigurationPlatforms) = preSolution
		Debug|Any CPU = Debug|Any CPU
		Release|Any CPU = Release|Any CPU
	EndGlobalSection
	GlobalSection(ProjectConfigurationPlatforms) = postSolution
		{62AFBBC6-3656-4AEC-9553-A2B1C2FCA30C}.Debug|Any CPU.ActiveCfg = Debug|Any CPU
		{62AFBBC6-3656-4AEC-9553-A2B1C2FCA30C}.Debug|Any CPU.Build.0 = Debug|Any CPU
		{62AFBBC6-3656-4AEC-9553-A2B1C2FCA30C}.Release|Any CPU.ActiveCfg = Release|Any CPU
		{62AFBBC6-3656-4AEC-9553-A2B1C2FCA30C}.Release|Any CPU.Build.0 = Release|Any CPU
	EndGlobalSection
	GlobalSection(SolutionProperties) = preSolution
		HideSolutionNode = FALSE
	EndGlobalSection
	GlobalSection(ExtensibilityGlobals) = postSolution
		SolutionGuid = {02F5A1B2-7101-43C8-94F0-CC3137C98753}
	EndGlobalSection
EndGlobal
